
Microsoft Visual Studio Solution File, Format Version 12.00
# Visual Studio Version 17
VisualStudioVersion = 17.5.33424.131
MinimumVisualStudioVersion = 10.0.40219.1
Project("{F184B08F-C81C-45F6-A57F-5ABD9991F28F}") = "TestParking", "TestParking\TestParking.vbproj", "{6516C3D8-5398-4597-A835-29A3C5C55527}"
EndProject
Global
	GlobalSection(SolutionConfigurationPlatforms) = preSolution
		Debug|Any CPU = Debug|Any CPU
		Release|Any CPU = Release|Any CPU
	EndGlobalSection
	GlobalSection(ProjectConfigurationPlatforms) = postSolution
		{6516C3D8-5398-4597-A835-29A3C5C55527}.Debug|Any CPU.ActiveCfg = Debug|Any CPU
		{6516C3D8-5398-4597-A835-29A3C5C55527}.Debug|Any CPU.Build.0 = Debug|Any CPU
		{6516C3D8-5398-4597-A835-29A3C5C55527}.Release|Any CPU.ActiveCfg = Release|Any CPU
		{6516C3D8-5398-4597-A835-29A3C5C55527}.Release|Any CPU.Build.0 = Release|Any CPU
	EndGlobalSection
	GlobalSection(SolutionProperties) = preSolution
		HideSolutionNode = FALSE
	EndGlobalSection
	GlobalSection(ExtensibilityGlobals) = postSolution
		SolutionGuid = {19197DA0-72AC-4457-8875-BF8CD13B3162}
	EndGlobalSection
EndGlobal
